
Microsoft Visual Studio Solution File, Format Version 12.00
# Visual Studio Version 16
VisualStudioVersion = 16.0.30011.22
MinimumVisualStudioVersion = 10.0.40219.1
Project("{9A19103F-16F7-4668-BE54-9A1E7A4F7556}") = "eShopSolution.WebApp", "eShopSolution.WebApp\eShopSolution.WebApp.csproj", "{D6AFA03F-E10B-405C-94AF-22952887C9B0}"
EndProject
Project("{2150E333-8FDC-42A3-9474-1A3956D46DE8}") = "Solution Items", "Solution Items", "{10C083A5-AB3D-4F94-B9F9-540F4B0EBAC5}"
	ProjectSection(SolutionItems) = preProject
		README.md = README.md
	EndProjectSection
EndProject
Global
	GlobalSection(SolutionConfigurationPlatforms) = preSolution
		Debug|Any CPU = Debug|Any CPU
		Release|Any CPU = Release|Any CPU
	EndGlobalSection
	GlobalSection(ProjectConfigurationPlatforms) = postSolution
		{D6AFA03F-E10B-405C-94AF-22952887C9B0}.Debug|Any CPU.ActiveCfg = Debug|Any CPU
		{D6AFA03F-E10B-405C-94AF-22952887C9B0}.Debug|Any CPU.Build.0 = Debug|Any CPU
		{D6AFA03F-E10B-405C-94AF-22952887C9B0}.Release|Any CPU.ActiveCfg = Release|Any CPU
		{D6AFA03F-E10B-405C-94AF-22952887C9B0}.Release|Any CPU.Build.0 = Release|Any CPU
	EndGlobalSection
	GlobalSection(SolutionProperties) = preSolution
		HideSolutionNode = FALSE
	EndGlobalSection
	GlobalSection(ExtensibilityGlobals) = postSolution
		SolutionGuid = {3E766A6C-7D30-4AF5-8022-E464CE9B0F98}
	EndGlobalSection
EndGlobal
